
Microsoft Visual Studio Solution File, Format Version 12.00
# Visual Studio Version 16
VisualStudioVersion = 16.0.29709.97
MinimumVisualStudioVersion = 10.0.40219.1
Project("{FAE04EC0-301F-11D3-BF4B-00C04F79EFBC}") = "OpenALPRPlugin", "OpenALPRPlugin\OpenALPRPlugin.csproj", "{CF183AD2-9BDC-46FE-8569-F1CA289F76B7}"
	ProjectSection(ProjectDependencies) = postProject
		{D69D8F7A-A9DF-4507-82F2-D9100B0EE3FC} = {D69D8F7A-A9DF-4507-82F2-D9100B0EE3FC}
		{D60E24F0-FC47-4490-ACD6-3157C26AFF39} = {D60E24F0-FC47-4490-ACD6-3157C26AFF39}
	EndProjectSection
EndProject
Project("{FAE04EC0-301F-11D3-BF4B-00C04F79EFBC}") = "OpenALPRQueueMilestone", "OpenALPRQueueMilestone\OpenALPRQueueMilestone.csproj", "{D69D8F7A-A9DF-4507-82F2-D9100B0EE3FC}"
EndProject
Project("{FAE04EC0-301F-11D3-BF4B-00C04F79EFBC}") = "WpfFormLibrary", "WpfFormLibrary\WpfFormLibrary.csproj", "{EC9652C9-AEEC-48EA-BD5D-F00E3C80EABB}"
EndProject
Project("{FAE04EC0-301F-11D3-BF4B-00C04F79EFBC}") = "SystemTrayApp", "SystemTrayApp\SystemTrayApp.csproj", "{D60E24F0-FC47-4490-ACD6-3157C26AFF39}"
EndProject
Project("{FAE04EC0-301F-11D3-BF4B-00C04F79EFBC}") = "Chatter", "Chatter\Chatter.csproj", "{84BCF238-F124-48AA-A388-0050F66E36E3}"
EndProject
Project("{54435603-DBB4-11D2-8724-00A0C9A8B90C}") = "OpenALPRMilestoneSetup", "OpenALPRMilestoneSetup\OpenALPRMilestoneSetup.vdproj", "{E8D186A1-EF96-4FC2-87FF-4139000497A3}"
EndProject
Global
	GlobalSection(SolutionConfigurationPlatforms) = preSolution
		Debug|Any CPU = Debug|Any CPU
		Debug|x64 = Debug|x64
		Debug|x86 = Debug|x86
		Release|Any CPU = Release|Any CPU
		Release|x64 = Release|x64
		Release|x86 = Release|x86
	EndGlobalSection
	GlobalSection(ProjectConfigurationPlatforms) = postSolution
		{CF183AD2-9BDC-46FE-8569-F1CA289F76B7}.Debug|Any CPU.ActiveCfg = Debug|Any CPU
		{CF183AD2-9BDC-46FE-8569-F1CA289F76B7}.Debug|Any CPU.Build.0 = Debug|Any CPU
		{CF183AD2-9BDC-46FE-8569-F1CA289F76B7}.Debug|x64.ActiveCfg = Debug|x64
		{CF183AD2-9BDC-46FE-8569-F1CA289F76B7}.Debug|x64.Build.0 = Debug|x64
		{CF183AD2-9BDC-46FE-8569-F1CA289F76B7}.Debug|x86.ActiveCfg = Debug|Any CPU
		{CF183AD2-9BDC-46FE-8569-F1CA289F76B7}.Debug|x86.Build.0 = Debug|Any CPU
		{CF183AD2-9BDC-46FE-8569-F1CA289F76B7}.Release|Any CPU.ActiveCfg = Release|Any CPU
		{CF183AD2-9BDC-46FE-8569-F1CA289F76B7}.Release|Any CPU.Build.0 = Release|Any CPU
		{CF183AD2-9BDC-46FE-8569-F1CA289F76B7}.Release|x64.ActiveCfg = Release|x64
		{CF183AD2-9BDC-46FE-8569-F1CA289F76B7}.Release|x64.Build.0 = Release|x64
		{CF183AD2-9BDC-46FE-8569-F1CA289F76B7}.Release|x86.ActiveCfg = Release|Any CPU
		{CF183AD2-9BDC-46FE-8569-F1CA289F76B7}.Release|x86.Build.0 = Release|Any CPU
		{D69D8F7A-A9DF-4507-82F2-D9100B0EE3FC}.Debug|Any CPU.ActiveCfg = Debug|Any CPU
		{D69D8F7A-A9DF-4507-82F2-D9100B0EE3FC}.Debug|Any CPU.Build.0 = Debug|Any CPU
		{D69D8F7A-A9DF-4507-82F2-D9100B0EE3FC}.Debug|x64.ActiveCfg = Debug|x64
		{D69D8F7A-A9DF-4507-82F2-D9100B0EE3FC}.Debug|x64.Build.0 = Debug|x64
		{D69D8F7A-A9DF-4507-82F2-D9100B0EE3FC}.Debug|x86.ActiveCfg = Debug|Any CPU
		{D69D8F7A-A9DF-4507-82F2-D9100B0EE3FC}.Debug|x86.Build.0 = Debug|Any CPU
		{D69D8F7A-A9DF-4507-82F2-D9100B0EE3FC}.Release|Any CPU.ActiveCfg = Release|Any CPU
		{D69D8F7A-A9DF-4507-82F2-D9100B0EE3FC}.Release|Any CPU.Build.0 = Release|Any CPU
		{D69D8F7A-A9DF-4507-82F2-D9100B0EE3FC}.Release|x64.ActiveCfg = Release|x64
		{D69D8F7A-A9DF-4507-82F2-D9100B0EE3FC}.Release|x64.Build.0 = Release|x64
		{D69D8F7A-A9DF-4507-82F2-D9100B0EE3FC}.Release|x86.ActiveCfg = Release|Any CPU
		{D69D8F7A-A9DF-4507-82F2-D9100B0EE3FC}.Release|x86.Build.0 = Release|Any CPU
		{EC9652C9-AEEC-48EA-BD5D-F00E3C80EABB}.Debug|Any CPU.ActiveCfg = Debug|Any CPU
		{EC9652C9-AEEC-48EA-BD5D-F00E3C80EABB}.Debug|Any CPU.Build.0 = Debug|Any CPU
		{EC9652C9-AEEC-48EA-BD5D-F00E3C80EABB}.Debug|x64.ActiveCfg = Debug|x64
		{EC9652C9-AEEC-48EA-BD5D-F00E3C80EABB}.Debug|x64.Build.0 = Debug|x64
		{EC9652C9-AEEC-48EA-BD5D-F00E3C80EABB}.Debug|x86.ActiveCfg = Debug|Any CPU
		{EC9652C9-AEEC-48EA-BD5D-F00E3C80EABB}.Debug|x86.Build.0 = Debug|Any CPU
		{EC9652C9-AEEC-48EA-BD5D-F00E3C80EABB}.Release|Any CPU.ActiveCfg = Release|Any CPU
		{EC9652C9-AEEC-48EA-BD5D-F00E3C80EABB}.Release|Any CPU.Build.0 = Release|Any CPU
		{EC9652C9-AEEC-48EA-BD5D-F00E3C80EABB}.Release|x64.ActiveCfg = Release|x64
		{EC9652C9-AEEC-48EA-BD5D-F00E3C80EABB}.Release|x64.Build.0 = Release|x64
		{EC9652C9-AEEC-48EA-BD5D-F00E3C80EABB}.Release|x86.ActiveCfg = Release|Any CPU
		{EC9652C9-AEEC-48EA-BD5D-F00E3C80EABB}.Release|x86.Build.0 = Release|Any CPU
		{D60E24F0-FC47-4490-ACD6-3157C26AFF39}.Debug|Any CPU.ActiveCfg = Debug|Any CPU
		{D60E24F0-FC47-4490-ACD6-3157C26AFF39}.Debug|Any CPU.Build.0 = Debug|Any CPU
		{D60E24F0-FC47-4490-ACD6-3157C26AFF39}.Debug|x64.ActiveCfg = Debug|x64
		{D60E24F0-FC47-4490-ACD6-3157C26AFF39}.Debug|x64.Build.0 = Debug|x64
		{D60E24F0-FC47-4490-ACD6-3157C26AFF39}.Debug|x86.ActiveCfg = Debug|Any CPU
		{D60E24F0-FC47-4490-ACD6-3157C26AFF39}.Debug|x86.Build.0 = Debug|Any CPU
		{D60E24F0-FC47-4490-ACD6-3157C26AFF39}.Release|Any CPU.ActiveCfg = Release|Any CPU
		{D60E24F0-FC47-4490-ACD6-3157C26AFF39}.Release|Any CPU.Build.0 = Release|Any CPU
		{D60E24F0-FC47-4490-ACD6-3157C26AFF39}.Release|x64.ActiveCfg = Release|x64
		{D60E24F0-FC47-4490-ACD6-3157C26AFF39}.Release|x64.Build.0 = Release|x64
		{D60E24F0-FC47-4490-ACD6-3157C26AFF39}.Release|x86.ActiveCfg = Release|Any CPU
		{D60E24F0-FC47-4490-ACD6-3157C26AFF39}.Release|x86.Build.0 = Release|Any CPU
		{84BCF238-F124-48AA-A388-0050F66E36E3}.Debug|Any CPU.ActiveCfg = Debug|Any CPU
		{84BCF238-F124-48AA-A388-0050F66E36E3}.Debug|Any CPU.Build.0 = Debug|Any CPU
		{84BCF238-F124-48AA-A388-0050F66E36E3}.Debug|x64.ActiveCfg = Debug|x64
		{84BCF238-F124-48AA-A388-0050F66E36E3}.Debug|x64.Build.0 = Debug|x64
		{84BCF238-F124-48AA-A388-0050F66E36E3}.Debug|x86.ActiveCfg = Debug|x86
		{84BCF238-F124-48AA-A388-0050F66E36E3}.Debug|x86.Build.0 = Debug|x86
		{84BCF238-F124-48AA-A388-0050F66E36E3}.Release|Any CPU.ActiveCfg = Release|Any CPU
		{84BCF238-F124-48AA-A388-0050F66E36E3}.Release|Any CPU.Build.0 = Release|Any CPU
		{84BCF238-F124-48AA-A388-0050F66E36E3}.Release|x64.ActiveCfg = Release|x64
		{84BCF238-F124-48AA-A388-0050F66E36E3}.Release|x64.Build.0 = Release|x64
		{84BCF238-F124-48AA-A388-0050F66E36E3}.Release|x86.ActiveCfg = Release|x86
		{84BCF238-F124-48AA-A388-0050F66E36E3}.Release|x86.Build.0 = Release|x86
		{E8D186A1-EF96-4FC2-87FF-4139000497A3}.Debug|Any CPU.ActiveCfg = Debug
		{E8D186A1-EF96-4FC2-87FF-4139000497A3}.Debug|x64.ActiveCfg = Debug
		{E8D186A1-EF96-4FC2-87FF-4139000497A3}.Debug|x86.ActiveCfg = Debug
		{E8D186A1-EF96-4FC2-87FF-4139000497A3}.Release|Any CPU.ActiveCfg = Release
		{E8D186A1-EF96-4FC2-87FF-4139000497A3}.Release|x64.ActiveCfg = Release
		{E8D186A1-EF96-4FC2-87FF-4139000497A3}.Release|x86.ActiveCfg = Release
	EndGlobalSection
	GlobalSection(SolutionProperties) = preSolution
		HideSolutionNode = FALSE
	EndGlobalSection
	GlobalSection(ExtensibilityGlobals) = postSolution
		SolutionGuid = {CDAE7A22-2292-480F-A0E9-B1C15E60E8CF}
	EndGlobalSection
EndGlobal
